
Microsoft Visual Studio Solution File, Format Version 12.00
# Visual Studio 15
VisualStudioVersion = 15.0.27004.2006
MinimumVisualStudioVersion = 10.0.40219.1
Project("{FAE04EC0-301F-11D3-BF4B-00C04F79EFBC}") = "RestaurantRater", "RestaurantRater\RestaurantRater.csproj", "{B3673567-AECD-4B47-A605-B86ABC07499E}"
EndProject
Global
	GlobalSection(SolutionConfigurationPlatforms) = preSolution
		Debug|Any CPU = Debug|Any CPU
		Release|Any CPU = Release|Any CPU
	EndGlobalSection
	GlobalSection(ProjectConfigurationPlatforms) = postSolution
		{B3673567-AECD-4B47-A605-B86ABC07499E}.Debug|Any CPU.ActiveCfg = Debug|Any CPU
		{B3673567-AECD-4B47-A605-B86ABC07499E}.Debug|Any CPU.Build.0 = Debug|Any CPU
		{B3673567-AECD-4B47-A605-B86ABC07499E}.Release|Any CPU.ActiveCfg = Release|Any CPU
		{B3673567-AECD-4B47-A605-B86ABC07499E}.Release|Any CPU.Build.0 = Release|Any CPU
	EndGlobalSection
	GlobalSection(SolutionProperties) = preSolution
		HideSolutionNode = FALSE
	EndGlobalSection
	GlobalSection(ExtensibilityGlobals) = postSolution
		SolutionGuid = {0B3BF47A-79F1-4482-B49B-76E4275A245C}
	EndGlobalSection
EndGlobal
